// !$*UTF8*$!
{
	archiveVersion = 1;
	classes = {
	};
	objectVersion = 46;
	objects = {

/* Begin PBXBuildFile section */
		2B36F6F11BE3EDF6005BD3A7 /* main.m in Sources */ = {isa = PBXBuildFile; fileRef = 2B36F6F01BE3EDF6005BD3A7 /* main.m */; };
		2B36F6F41BE3EDF6005BD3A7 /* AppDelegate.m in Sources */ = {isa = PBXBuildFile; fileRef = 2B36F6F31BE3EDF6005BD3A7 /* AppDelegate.m */; };
		2B36F6FA1BE3EDF6005BD3A7 /* Main.storyboard in Resources */ = {isa = PBXBuildFile; fileRef = 2B36F6F81BE3EDF6005BD3A7 /* Main.storyboard */; };
		2B36F6FC1BE3EDF6005BD3A7 /* Assets.xcassets in Resources */ = {isa = PBXBuildFile; fileRef = 2B36F6FB1BE3EDF6005BD3A7 /* Assets.xcassets */; };
		2B36F6FF1BE3EDF6005BD3A7 /* LaunchScreen.storyboard in Resources */ = {isa = PBXBuildFile; fileRef = 2B36F6FD1BE3EDF6005BD3A7 /* LaunchScreen.storyboard */; };
		2B36F70A1BE3EDF6005BD3A7 /* TipCalculatorTests.m in Sources */ = {isa = PBXBuildFile; fileRef = 2B36F7091BE3EDF6005BD3A7 /* TipCalculatorTests.m */; };
		2B36F7151BE3EDF6005BD3A7 /* TipCalculatorUITests.m in Sources */ = {isa = PBXBuildFile; fileRef = 2B36F7141BE3EDF6005BD3A7 /* TipCalculatorUITests.m */; };
		2B84D0E11BE42B3E0012CD1E /*  ViewController.m in Sources */ = {isa = PBXBuildFile; fileRef = 2B84D0E01BE42B3E0012CD1E /*  ViewController.m */; };
/* End PBXBuildFile section */

/* Begin PBXContainerItemProxy section */
		2B36F7061BE3EDF6005BD3A7 /* PBXContainerItemProxy */ = {
			isa = PBXContainerItemProxy;
			containerPortal = 2B36F6E41BE3EDF6005BD3A7 /* Project object */;
			proxyType = 1;
			remoteGlobalIDString = 2B36F6EB1BE3EDF6005BD3A7;
			remoteInfo = TipCalculator;
		};
		2B36F7111BE3EDF6005BD3A7 /* PBXContainerItemProxy */ = {
			isa = PBXContainerItemProxy;
			containerPortal = 2B36F6E41BE3EDF6005BD3A7 /* Project object */;
			proxyType = 1;
			remoteGlobalIDString = 2B36F6EB1BE3EDF6005BD3A7;
			remoteInfo = TipCalculator;
		};
/* End PBXContainerItemProxy section */

/* Begin PBXFileReference section */
		2B36F6EC1BE3EDF6005BD3A7 /* TipCalculator.app */ = {isa = PBXFileReference; explicitFileType = wrapper.application; includeInIndex = 0; path = TipCalculator.app; sourceTree = BUILT_PRODUCTS_DIR; };
		2B36F6F01BE3EDF6005BD3A7 /* main.m */ = {isa = PBXFileReference; lastKnownFileType = sourcecode.c.objc; path = main.m; sourceTree = "<group>"; };
		2B36F6F21BE3EDF6005BD3A7 /* AppDelegate.h */ = {isa = PBXFileReference; lastKnownFileType = sourcecode.c.h; path = AppDelegate.h; sourceTree = "<group>"; };
		2B36F6F31BE3EDF6005BD3A7 /* AppDelegate.m */ = {isa = PBXFileReference; lastKnownFileType = sourcecode.c.objc; path = AppDelegate.m; sourceTree = "<group>"; };
		2B36F6F51BE3EDF6005BD3A7 /* ViewController.h */ = {isa = PBXFileReference; lastKnownFileType = sourcecode.c.h; path = ViewController.h; sourceTree = "<group>"; };
		2B36F6F91BE3EDF6005BD3A7 /* Base */ = {isa = PBXFileReference; lastKnownFileType = file.storyboard; name = Base; path = Base.lproj/Main.storyboard; sourceTree = "<group>"; };
		2B36F6FB1BE3EDF6005BD3A7 /* Assets.xcassets */ = {isa = PBXFileReference; lastKnownFileType = folder.assetcatalog; path = Assets.xcassets; sourceTree = "<group>"; };
		2B36F6FE1BE3EDF6005BD3A7 /* Base */ = {isa = PBXFileReference; lastKnownFileType = file.storyboard; name = Base; path = Base.lproj/LaunchScreen.storyboard; sourceTree = "<group>"; };
		2B36F7001BE3EDF6005BD3A7 /* Info.plist */ = {isa = PBXFileReference; lastKnownFileType = text.plist.xml; path = Info.plist; sourceTree = "<group>"; };
		2B36F7051BE3EDF6005BD3A7 /* TipCalculatorTests.xctest */ = {isa = PBXFileReference; explicitFileType = wrapper.cfbundle; includeInIndex = 0; path = TipCalculatorTests.xctest; sourceTree = BUILT_PRODUCTS_DIR; };
		2B36F7091BE3EDF6005BD3A7 /* TipCalculatorTests.m */ = {isa = PBXFileReference; lastKnownFileType = sourcecode.c.objc; path = TipCalculatorTests.m; sourceTree = "<group>"; };
		2B36F70B1BE3EDF6005BD3A7 /* Info.plist */ = {isa = PBXFileReference; lastKnownFileType = text.plist.xml; path = Info.plist; sourceTree = "<group>"; };
		2B36F7101BE3EDF6005BD3A7 /* TipCalculatorUITests.xctest */ = {isa = PBXFileReference; explicitFileType = wrapper.cfbundle; includeInIndex = 0; path = TipCalculatorUITests.xctest; sourceTree = BUILT_PRODUCTS_DIR; };
		2B36F7141BE3EDF6005BD3A7 /* TipCalculatorUITests.m */ = {isa = PBXFileReference; lastKnownFileType = sourcecode.c.objc; path = TipCalculatorUITests.m; sourceTree = "<group>"; };
		2B36F7161BE3EDF6005BD3A7 /* Info.plist */ = {isa = PBXFileReference; lastKnownFileType = text.plist.xml; path = Info.plist; sourceTree = "<group>"; };
		2B84D0E01BE42B3E0012CD1E /*  ViewController.m */ = {isa = PBXFileReference; fileEncoding = 4; lastKnownFileType = sourcecode.c.objc; path = " ViewController.m"; sourceTree = "<group>"; };
/* End PBXFileReference section */

/* Begin PBXFrameworksBuildPhase section */
		2B36F6E91BE3EDF6005BD3A7 /* Frameworks */ = {
			isa = PBXFrameworksBuildPhase;
			buildActionMask = 2147483647;
			files = (
			);
			runOnlyForDeploymentPostprocessing = 0;
		};
		2B36F7021BE3EDF6005BD3A7 /* Frameworks */ = {
			isa = PBXFrameworksBuildPhase;
			buildActionMask = 2147483647;
			files = (
			);
			runOnlyForDeploymentPostprocessing = 0;
		};
		2B36F70D1BE3EDF6005BD3A7 /* Frameworks */ = {
			isa = PBXFrameworksBuildPhase;
			buildActionMask = 2147483647;
			files = (
			);
			runOnlyForDeploymentPostprocessing = 0;
		};
/* End PBXFrameworksBuildPhase section */

/* Begin PBXGroup section */
		2B36F6E31BE3EDF6005BD3A7 = {
			isa = PBXGroup;
			children = (
				2B36F6EE1BE3EDF6005BD3A7 /* TipCalculator */,
				2B36F7081BE3EDF6005BD3A7 /* TipCalculatorTests */,
				2B36F7131BE3EDF6005BD3A7 /* TipCalculatorUITests */,
				2B36F6ED1BE3EDF6005BD3A7 /* Products */,
			);
			sourceTree = "<group>";
		};
		2B36F6ED1BE3EDF6005BD3A7 /* Products */ = {
			isa = PBXGroup;
			children = (
				2B36F6EC1BE3EDF6005BD3A7 /* TipCalculator.app */,
				2B36F7051BE3EDF6005BD3A7 /* TipCalculatorTests.xctest */,
				2B36F7101BE3EDF6005BD3A7 /* TipCalculatorUITests.xctest */,
			);
			name = Products;
			sourceTree = "<group>";
		};
		2B36F6EE1BE3EDF6005BD3A7 /* TipCalculator */ = {
			isa = PBXGroup;
			children = (
				2B36F6F21BE3EDF6005BD3A7 /* AppDelegate.h */,
				2B36F6F31BE3EDF6005BD3A7 /* AppDelegate.m */,
				2B36F6F51BE3EDF6005BD3A7 /* ViewController.h */,
				2B84D0E01BE42B3E0012CD1E /*  ViewController.m */,
				2B36F6F81BE3EDF6005BD3A7 /* Main.storyboard */,
				2B36F6FB1BE3EDF6005BD3A7 /* Assets.xcassets */,
				2B36F6FD1BE3EDF6005BD3A7 /* LaunchScreen.storyboard */,
				2B36F7001BE3EDF6005BD3A7 /* Info.plist */,
				2B36F6EF1BE3EDF6005BD3A7 /* Supporting Files */,
			);
			path = TipCalculator;
			sourceTree = "<group>";
		};
		2B36F6EF1BE3EDF6005BD3A7 /* Supporting Files */ = {
			isa = PBXGroup;
			children = (
				2B36F6F01BE3EDF6005BD3A7 /* main.m */,
			);
			name = "Supporting Files";
			sourceTree = "<group>";
		};
		2B36F7081BE3EDF6005BD3A7 /* TipCalculatorTests */ = {
			isa = PBXGroup;
			children = (
				2B36F7091BE3EDF6005BD3A7 /* TipCalculatorTests.m */,
				2B36F70B1BE3EDF6005BD3A7 /* Info.plist */,
			);
			path = TipCalculatorTests;
			sourceTree = "<group>";
		};
		2B36F7131BE3EDF6005BD3A7 /* TipCalculatorUITests */ = {
			isa = PBXGroup;
			children = (
				2B36F7141BE3EDF6005BD3A7 /* TipCalculatorUITests.m */,
				2B36F7161BE3EDF6005BD3A7 /* Info.plist */,
			);
			path = TipCalculatorUITests;
			sourceTree = "<group>";
		};
/* End PBXGroup section */

/* Begin PBXNativeTarget section */
		2B36F6EB1BE3EDF6005BD3A7 /* TipCalculator */ = {
			isa = PBXNativeTarget;
			buildConfigurationList = 2B36F7191BE3EDF6005BD3A7 /* Build configuration list for PBXNativeTarget "TipCalculator" */;
			buildPhases = (
				2B36F6E81BE3EDF6005BD3A7 /* Sources */,
				2B36F6E91BE3EDF6005BD3A7 /* Frameworks */,
				2B36F6EA1BE3EDF6005BD3A7 /* Resources */,
			);
			buildRules = (
			);
			dependencies = (
			);
			name = TipCalculator;
			productName = TipCalculator;
			productReference = 2B36F6EC1BE3EDF6005BD3A7 /* TipCalculator.app */;
			productType = "com.apple.product-type.application";
		};
		2B36F7041BE3EDF6005BD3A7 /* TipCalculatorTests */ = {
			isa = PBXNativeTarget;
			buildConfigurationList = 2B36F71C1BE3EDF6005BD3A7 /* Build configuration list for PBXNativeTarget "TipCalculatorTests" */;
			buildPhases = (
				2B36F7011BE3EDF6005BD3A7 /* Sources */,
				2B36F7021BE3EDF6005BD3A7 /* Frameworks */,
				2B36F7031BE3EDF6005BD3A7 /* Resources */,
			);
			buildRules = (
			);
			dependencies = (
				2B36F7071BE3EDF6005BD3A7 /* PBXTargetDependency */,
			);
			name = TipCalculatorTests;
			productName = TipCalculatorTests;
			productReference = 2B36F7051BE3EDF6005BD3A7 /* TipCalculatorTests.xctest */;
			productType = "com.apple.product-type.bundle.unit-test";
		};
		2B36F70F1BE3EDF6005BD3A7 /* TipCalculatorUITests */ = {
			isa = PBXNativeTarget;
			buildConfigurationList = 2B36F71F1BE3EDF6005BD3A7 /* Build configuration list for PBXNativeTarget "TipCalculatorUITests" */;
			buildPhases = (
				2B36F70C1BE3EDF6005BD3A7 /* Sources */,
				2B36F70D1BE3EDF6005BD3A7 /* Frameworks */,
				2B36F70E1BE3EDF6005BD3A7 /* Resources */,
			);
			buildRules = (
			);
			dependencies = (
				2B36F7121BE3EDF6005BD3A7 /* PBXTargetDependency */,
			);
			name = TipCalculatorUITests;
			productName = TipCalculatorUITests;
			productReference = 2B36F7101BE3EDF6005BD3A7 /* TipCalculatorUITests.xctest */;
			productType = "com.apple.product-type.bundle.ui-testing";
		};
/* End PBXNativeTarget section */

/* Begin PBXProject section */
		2B36F6E41BE3EDF6005BD3A7 /* Project object */ = {
			isa = PBXProject;
			attributes = {
				LastUpgradeCheck = 0700;
				ORGANIZATIONNAME = Kelo;
				TargetAttributes = {
					2B36F6EB1BE3EDF6005BD3A7 = {
						CreatedOnToolsVersion = 7.0;
						DevelopmentTeam = 37Y9P8B6JV;
					};
					2B36F7041BE3EDF6005BD3A7 = {
						CreatedOnToolsVersion = 7.0;
						DevelopmentTeam = 37Y9P8B6JV;
						TestTargetID = 2B36F6EB1BE3EDF6005BD3A7;
					};
					2B36F70F1BE3EDF6005BD3A7 = {
						CreatedOnToolsVersion = 7.0;
						DevelopmentTeam = 37Y9P8B6JV;
						TestTargetID = 2B36F6EB1BE3EDF6005BD3A7;
					};
				};
			};
			buildConfigurationList = 2B36F6E71BE3EDF6005BD3A7 /* Build configuration list for PBXProject "TipCalculator" */;
			compatibilityVersion = "Xcode 3.2";
			developmentRegion = English;
			hasScannedForEncodings = 0;
			knownRegions = (
				en,
				Base,
			);
			mainGroup = 2B36F6E31BE3EDF6005BD3A7;
			productRefGroup = 2B36F6ED1BE3EDF6005BD3A7 /* Products */;
			projectDirPath = "";
			projectRoot = "";
			targets = (
				2B36F6EB1BE3EDF6005BD3A7 /* TipCalculator */,
				2B36F7041BE3EDF6005BD3A7 /* TipCalculatorTests */,
				2B36F70F1BE3EDF6005BD3A7 /* TipCalculatorUITests */,
			);
		};
/* End PBXProject section */

/* Begin PBXResourcesBuildPhase section */
		2B36F6EA1BE3EDF6005BD3A7 /* Resources */ = {
			isa = PBXResourcesBuildPhase;
			buildActionMask = 2147483647;
			files = (
				2B36F6FF1BE3EDF6005BD3A7 /* LaunchScreen.storyboard in Resources */,
				2B36F6FC1BE3EDF6005BD3A7 /* Assets.xcassets in Resources */,
				2B36F6FA1BE3EDF6005BD3A7 /* Main.storyboard in Resources */,
			);
			runOnlyForDeploymentPostprocessing = 0;
		};
		2B36F7031BE3EDF6005BD3A7 /* Resources */ = {
			isa = PBXResourcesBuildPhase;
			buildActionMask = 2147483647;
			files = (
			);
			runOnlyForDeploymentPostprocessing = 0;
		};
		2B36F70E1BE3EDF6005BD3A7 /* Resources */ = {
			isa = PBXResourcesBuildPhase;
			buildActionMask = 2147483647;
			files = (
			);
			runOnlyForDeploymentPostprocessing = 0;
		};
/* End PBXResourcesBuildPhase section */

/* Begin PBXSourcesBuildPhase section */
		2B36F6E81BE3EDF6005BD3A7 /* Sources */ = {
			isa = PBXSourcesBuildPhase;
			buildActionMask = 2147483647;
			files = (
				2B36F6F41BE3EDF6005BD3A7 /* AppDelegate.m in Sources */,
				2B36F6F11BE3EDF6005BD3A7 /* main.m in Sources */,
				2B84D0E11BE42B3E0012CD1E /*  ViewController.m in Sources */,
			);
			runOnlyForDeploymentPostprocessing = 0;
		};
		2B36F7011BE3EDF6005BD3A7 /* Sources */ = {
			isa = PBXSourcesBuildPhase;
			buildActionMask = 2147483647;
			files = (
				2B36F70A1BE3EDF6005BD3A7 /* TipCalculatorTests.m in Sources */,
			);
			runOnlyForDeploymentPostprocessing = 0;
		};
		2B36F70C1BE3EDF6005BD3A7 /* Sources */ = {
			isa = PBXSourcesBuildPhase;
			buildActionMask = 2147483647;
			files = (
				2B36F7151BE3EDF6005BD3A7 /* TipCalculatorUITests.m in Sources */,
			);
			runOnlyForDeploymentPostprocessing = 0;
		};
/* End PBXSourcesBuildPhase section */

/* Begin PBXTargetDependency section */
		2B36F7071BE3EDF6005BD3A7 /* PBXTargetDependency */ = {
			isa = PBXTargetDependency;
			target = 2B36F6EB1BE3EDF6005BD3A7 /* TipCalculator */;
			targetProxy = 2B36F7061BE3EDF6005BD3A7 /* PBXContainerItemProxy */;
		};
		2B36F7121BE3EDF6005BD3A7 /* PBXTargetDependency */ = {
			isa = PBXTargetDependency;
			target = 2B36F6EB1BE3EDF6005BD3A7 /* TipCalculator */;
			targetProxy = 2B36F7111BE3EDF6005BD3A7 /* PBXContainerItemProxy */;
		};
/* End PBXTargetDependency section */

/* Begin PBXVariantGroup section */
		2B36F6F81BE3EDF6005BD3A7 /* Main.storyboard */ = {
			isa = PBXVariantGroup;
			children = (
				2B36F6F91BE3EDF6005BD3A7 /* Base */,
			);
			name = Main.storyboard;
			sourceTree = "<group>";
		};
		2B36F6FD1BE3EDF6005BD3A7 /* LaunchScreen.storyboard */ = {
			isa = PBXVariantGroup;
			children = (
				2B36F6FE1BE3EDF6005BD3A7 /* Base */,
			);
			name = LaunchScreen.storyboard;
			sourceTree = "<group>";
		};
/* End PBXVariantGroup section */

/* Begin XCBuildConfiguration section */
		2B36F7171BE3EDF6005BD3A7 /* Debug */ = {
			isa = XCBuildConfiguration;
			buildSettings = {
				ALWAYS_SEARCH_USER_PATHS = NO;
				CLANG_CXX_LANGUAGE_STANDARD = "gnu++0x";
				CLANG_CXX_LIBRARY = "libc++";
				CLANG_ENABLE_MODULES = YES;
				CLANG_ENABLE_OBJC_ARC = YES;
				CLANG_WARN_BOOL_CONVERSION = YES;
				CLANG_WARN_CONSTANT_CONVERSION = YES;
				CLANG_WARN_DIRECT_OBJC_ISA_USAGE = YES_ERROR;
				CLANG_WARN_EMPTY_BODY = YES;
				CLANG_WARN_ENUM_CONVERSION = YES;
				CLANG_WARN_INT_CONVERSION = YES;
				CLANG_WARN_OBJC_ROOT_CLASS = YES_ERROR;
				CLANG_WARN_UNREACHABLE_CODE = YES;
				CLANG_WARN__DUPLICATE_METHOD_MATCH = YES;
				"CODE_SIGN_IDENTITY[sdk=iphoneos*]" = "iPhone Developer";
				COPY_PHASE_STRIP = NO;
				DEBUG_INFORMATION_FORMAT = dwarf;
				ENABLE_STRICT_OBJC_MSGSEND = YES;
				ENABLE_TESTABILITY = YES;
				GCC_C_LANGUAGE_STANDARD = gnu99;
				GCC_DYNAMIC_NO_PIC = NO;
				GCC_NO_COMMON_BLOCKS = YES;
				GCC_OPTIMIZATION_LEVEL = 0;
				GCC_PREPROCESSOR_DEFINITIONS = (
					"DEBUG=1",
					"$(inherited)",
				);
				GCC_WARN_64_TO_32_BIT_CONVERSION = YES;
				GCC_WARN_ABOUT_RETURN_TYPE = YES_ERROR;
				GCC_WARN_UNDECLARED_SELECTOR = YES;
				GCC_WARN_UNINITIALIZED_AUTOS = YES_AGGRESSIVE;
				GCC_WARN_UNUSED_FUNCTION = YES;
				GCC_WARN_UNUSED_VARIABLE = YES;
				IPHONEOS_DEPLOYMENT_TARGET = 9.0;
				MTL_ENABLE_DEBUG_INFO = YES;
				ONLY_ACTIVE_ARCH = YES;
				SDKROOT = iphoneos;
			};
			name = Debug;
		};
		2B36F7181BE3EDF6005BD3A7 /* Release */ = {
			isa = XCBuildConfiguration;
			buildSettings = {
				ALWAYS_SEARCH_USER_PATHS = NO;
				CLANG_CXX_LANGUAGE_STANDARD = "gnu++0x";
				CLANG_CXX_LIBRARY = "libc++";
				CLANG_ENABLE_MODULES = YES;
				CLANG_ENABLE_OBJC_ARC = YES;
				CLANG_WARN_BOOL_CONVERSION = YES;
				CLANG_WARN_CONSTANT_CONVERSION = YES;
				CLANG_WARN_DIRECT_OBJC_ISA_USAGE = YES_ERROR;
				CLANG_WARN_EMPTY_BODY = YES;
				CLANG_WARN_ENUM_CONVERSION = YES;
				CLANG_WARN_INT_CONVERSION = YES;
				CLANG_WARN_OBJC_ROOT_CLASS = YES_ERROR;
				CLANG_WARN_UNREACHABLE_CODE = YES;
				CLANG_WARN__DUPLICATE_METHOD_MATCH = YES;
				"CODE_SIGN_IDENTITY[sdk=iphoneos*]" = "iPhone Developer";
				COPY_PHASE_STRIP = NO;
				DEBUG_INFORMATION_FORMAT = "dwarf-with-dsym";
				ENABLE_NS_ASSERTIONS = NO;
				ENABLE_STRICT_OBJC_MSGSEND = YES;
				GCC_C_LANGUAGE_STANDARD = gnu99;
				GCC_NO_COMMON_BLOCKS = YES;
				GCC_WARN_64_TO_32_BIT_CONVERSION = YES;
				GCC_WARN_ABOUT_RETURN_TYPE = YES_ERROR;
				GCC_WARN_UNDECLARED_SELECTOR = YES;
				GCC_WARN_UNINITIALIZED_AUTOS = YES_AGGRESSIVE;
				GCC_WARN_UNUSED_FUNCTION = YES;
				GCC_WARN_UNUSED_VARIABLE = YES;
				IPHONEOS_DEPLOYMENT_TARGET = 9.0;
				MTL_ENABLE_DEBUG_INFO = NO;
				SDKROOT = iphoneos;
				VALIDATE_PRODUCT = YES;
			};
			name = Release;
		};
		2B36F71A1BE3EDF6005BD3A7 /* Debug */ = {
			isa = XCBuildConfiguration;
			buildSettings = {
				ASSETCATALOG_COMPILER_APPICON_NAME = AppIcon;
				INFOPLIST_FILE = TipCalculator/Info.plist;
				LD_RUNPATH_SEARCH_PATHS = "$(inherited) @executable_path/Frameworks";
				PRODUCT_BUNDLE_IDENTIFIER = Kelo.io.TipCalculator;
				PRODUCT_NAME = "$(TARGET_NAME)";
			};
			name = Debug;
		};
		2B36F71B1BE3EDF6005BD3A7 /* Release */ = {
			isa = XCBuildConfiguration;
			buildSettings = {
				ASSETCATALOG_COMPILER_APPICON_NAME = AppIcon;
				INFOPLIST_FILE = TipCalculator/Info.plist;
				LD_RUNPATH_SEARCH_PATHS = "$(inherited) @executable_path/Frameworks";
				PRODUCT_BUNDLE_IDENTIFIER = Kelo.io.TipCalculator;
				PRODUCT_NAME = "$(TARGET_NAME)";
			};
			name = Release;
		};
		2B36F71D1BE3EDF6005BD3A7 /* Debug */ = {
			isa = XCBuildConfiguration;
			buildSettings = {
				BUNDLE_LOADER = "$(TEST_HOST)";
				INFOPLIST_FILE = TipCalculatorTests/Info.plist;
				LD_RUNPATH_SEARCH_PATHS = "$(inherited) @executable_path/Frameworks @loader_path/Frameworks";
				PRODUCT_BUNDLE_IDENTIFIER = Kelo.io.TipCalculatorTests;
				PRODUCT_NAME = "$(TARGET_NAME)";
				TEST_HOST = "$(BUILT_PRODUCTS_DIR)/TipCalculator.app/TipCalculator";
			};
			name = Debug;
		};
		2B36F71E1BE3EDF6005BD3A7 /* Release */ = {
			isa = XCBuildConfiguration;
			buildSettings = {
				BUNDLE_LOADER = "$(TEST_HOST)";
				INFOPLIST_FILE = TipCalculatorTests/Info.plist;
				LD_RUNPATH_SEARCH_PATHS = "$(inherited) @executable_path/Frameworks @loader_path/Frameworks";
				PRODUCT_BUNDLE_IDENTIFIER = Kelo.io.TipCalculatorTests;
				PRODUCT_NAME = "$(TARGET_NAME)";
				TEST_HOST = "$(BUILT_PRODUCTS_DIR)/TipCalculator.app/TipCalculator";
			};
			name = Release;
		};
		2B36F7201BE3EDF6005BD3A7 /* Debug */ = {
			isa = XCBuildConfiguration;
			buildSettings = {
				INFOPLIST_FILE = TipCalculatorUITests/Info.plist;
				LD_RUNPATH_SEARCH_PATHS = "$(inherited) @executable_path/Frameworks @loader_path/Frameworks";
				PRODUCT_BUNDLE_IDENTIFIER = Kelo.io.TipCalculatorUITests;
				PRODUCT_NAME = "$(TARGET_NAME)";
				TEST_TARGET_NAME = TipCalculator;
				USES_XCTRUNNER = YES;
			};
			name = Debug;
		};
		2B36F7211BE3EDF6005BD3A7 /* Release */ = {
			isa = XCBuildConfiguration;
			buildSettings = {
				INFOPLIST_FILE = TipCalculatorUITests/Info.plist;
				LD_RUNPATH_SEARCH_PATHS = "$(inherited) @executable_path/Frameworks @loader_path/Frameworks";
				PRODUCT_BUNDLE_IDENTIFIER = Kelo.io.TipCalculatorUITests;
				PRODUCT_NAME = "$(TARGET_NAME)";
				TEST_TARGET_NAME = TipCalculator;
				USES_XCTRUNNER = YES;
			};
			name = Release;
		};
/* End XCBuildConfiguration section */

/* Begin XCConfigurationList section */
		2B36F6E71BE3EDF6005BD3A7 /* Build configuration list for PBXProject "TipCalculator" */ = {
			isa = XCConfigurationList;
			buildConfigurations = (
				2B36F7171BE3EDF6005BD3A7 /* Debug */,
				2B36F7181BE3EDF6005BD3A7 /* Release */,
			);
			defaultConfigurationIsVisible = 0;
			defaultConfigurationName = Release;
		};
		2B36F7191BE3EDF6005BD3A7 /* Build configuration list for PBXNativeTarget "TipCalculator" */ = {
			isa = XCConfigurationList;
			buildConfigurations = (
				2B36F71A1BE3EDF6005BD3A7 /* Debug */,
				2B36F71B1BE3EDF6005BD3A7 /* Release */,
			);
			defaultConfigurationIsVisible = 0;
			defaultConfigurationName = Release;
		};
		2B36F71C1BE3EDF6005BD3A7 /* Build configuration list for PBXNativeTarget "TipCalculatorTests" */ = {
			isa = XCConfigurationList;
			buildConfigurations = (
				2B36F71D1BE3EDF6005BD3A7 /* Debug */,
				2B36F71E1BE3EDF6005BD3A7 /* Release */,
			);
			defaultConfigurationIsVisible = 0;
			defaultConfigurationName = Release;
		};
		2B36F71F1BE3EDF6005BD3A7 /* Build configuration list for PBXNativeTarget "TipCalculatorUITests" */ = {
			isa = XCConfigurationList;
			buildConfigurations = (
				2B36F7201BE3EDF6005BD3A7 /* Debug */,
				2B36F7211BE3EDF6005BD3A7 /* Release */,
			);
			defaultConfigurationIsVisible = 0;
			defaultConfigurationName = Release;
		};
/* End XCConfigurationList section */
	};
	rootObject = 2B36F6E41BE3EDF6005BD3A7 /* Project object */;
}
